{
  "name": "gdd-140-project",
  "version": "1.0.0",
  "lockfileVersion": 2,
  "requires": true,
  "packages": {
    "": {
      "name": "gdd-140-project",
      "version": "1.0.0",
      "license": "ISC",
      "dependencies": {
        "@code-dot-org/p5.play": "^1.3.20-cdo",
        "@types/p5": "1.4.2",
        "p5": "1.4.1"
      }
    },
    "node_modules/@code-dot-org/p5": {
      "version": "0.5.4-cdo.10",
      "resolved": "https://registry.npmjs.org/@code-dot-org/p5/-/p5-0.5.4-cdo.10.tgz",
      "integrity": "sha512-UnlIasrM4YOULFhWLnnvx2DFznQEuEtSwL9JGD1zWfpEWoQ5hnfJcDuTKvmy7wUlt5hrE2M5aF2aMwxBfEYGTQ==",
      "dependencies": {
        "opentype.js": "^0.4.9",
        "reqwest": "^1.1.5"
      }
    },
    "node_modules/@code-dot-org/p5.play": {
      "version": "1.3.20-cdo",
      "resolved": "https://registry.npmjs.org/@code-dot-org/p5.play/-/p5.play-1.3.20-cdo.tgz",
      "integrity": "sha512-rRFLJdUMFARXvaPNXYolWx5dVl3NG4uz63PwmPoUXEbsTEfzEu8ATKXbmxtukSG7PLUk6X8oVqraQedjj5a3MA==",
      "dependencies": {
        "@code-dot-org/p5": "0.5.4-cdo.10"
      },
      "engines": {
        "node": ">=4.0.0"
      }
    },
    "node_modules/@types/p5": {
      "version": "1.4.2",
      "resolved": "https://registry.npmjs.org/@types/p5/-/p5-1.4.2.tgz",
      "integrity": "sha512-tzJ2PdmeXlX8tidbA1/pQEhs0MHVWam0K4ux5ri0GrZXhBU3QrpTpSVzNaBDuo6KheryHdH8wR82x1nPvxo42g=="
    },
    "node_modules/opentype.js": {
      "version": "0.4.11",
      "resolved": "https://registry.npmjs.org/opentype.js/-/opentype.js-0.4.11.tgz",
      "integrity": "sha1-KBojkGOcwVkxyVXY1jwUp8d3K0E=",
      "bin": {
        "ot": "bin/ot"
      }
    },
    "node_modules/p5": {
      "version": "1.4.1",
      "resolved": "https://registry.npmjs.org/p5/-/p5-1.4.1.tgz",
      "integrity": "sha512-3/X+qb0bK2Cg8nuZNpZZvzxkeUSRghOf0S+l8c+U8yIkUTVSbbcV0R8y96rx3InVBVhk8cH9kFC93VlZZElqSw=="
    },
    "node_modules/reqwest": {
      "version": "1.1.6",
      "resolved": "https://registry.npmjs.org/reqwest/-/reqwest-1.1.6.tgz",
      "integrity": "sha1-S2iU0pWWv46CSiXzSXXfFVYu6BM="
    }
  },
  "dependencies": {
    "@code-dot-org/p5": {
      "version": "0.5.4-cdo.10",
      "resolved": "https://registry.npmjs.org/@code-dot-org/p5/-/p5-0.5.4-cdo.10.tgz",
      "integrity": "sha512-UnlIasrM4YOULFhWLnnvx2DFznQEuEtSwL9JGD1zWfpEWoQ5hnfJcDuTKvmy7wUlt5hrE2M5aF2aMwxBfEYGTQ==",
      "requires": {
        "opentype.js": "^0.4.9",
        "reqwest": "^1.1.5"
      }
    },
    "@code-dot-org/p5.play": {
      "version": "1.3.20-cdo",
      "resolved": "https://registry.npmjs.org/@code-dot-org/p5.play/-/p5.play-1.3.20-cdo.tgz",
      "integrity": "sha512-rRFLJdUMFARXvaPNXYolWx5dVl3NG4uz63PwmPoUXEbsTEfzEu8ATKXbmxtukSG7PLUk6X8oVqraQedjj5a3MA==",
      "requires": {
        "@code-dot-org/p5": "0.5.4-cdo.10"
      }
    },
    "@types/p5": {
      "version": "1.4.2",
      "resolved": "https://registry.npmjs.org/@types/p5/-/p5-1.4.2.tgz",
      "integrity": "sha512-tzJ2PdmeXlX8tidbA1/pQEhs0MHVWam0K4ux5ri0GrZXhBU3QrpTpSVzNaBDuo6KheryHdH8wR82x1nPvxo42g=="
    },
    "opentype.js": {
      "version": "0.4.11",
      "resolved": "https://registry.npmjs.org/opentype.js/-/opentype.js-0.4.11.tgz",
      "integrity": "sha1-KBojkGOcwVkxyVXY1jwUp8d3K0E="
    },
    "p5": {
      "version": "1.4.1",
      "resolved": "https://registry.npmjs.org/p5/-/p5-1.4.1.tgz",
      "integrity": "sha512-3/X+qb0bK2Cg8nuZNpZZvzxkeUSRghOf0S+l8c+U8yIkUTVSbbcV0R8y96rx3InVBVhk8cH9kFC93VlZZElqSw=="
    },
    "reqwest": {
      "version": "1.1.6",
      "resolved": "https://registry.npmjs.org/reqwest/-/reqwest-1.1.6.tgz",
      "integrity": "sha1-S2iU0pWWv46CSiXzSXXfFVYu6BM="
    }
  }
}
